
Microsoft Visual Studio Solution File, Format Version 12.00
# Visual Studio Version 17
VisualStudioVersion = 17.11.35219.272
MinimumVisualStudioVersion = 10.0.40219.1
Project("{FAE04EC0-301F-11D3-BF4B-00C04F79EFBC}") = "CompositePattern", "CompositePattern.csproj", "{FCD7CEBD-7768-4F61-B007-F2272EAE253F}"
EndProject
Global
	GlobalSection(SolutionConfigurationPlatforms) = preSolution
		Debug|Any CPU = Debug|Any CPU
		Release|Any CPU = Release|Any CPU
	EndGlobalSection
	GlobalSection(ProjectConfigurationPlatforms) = postSolution
		{FCD7CEBD-7768-4F61-B007-F2272EAE253F}.Debug|Any CPU.ActiveCfg = Debug|Any CPU
		{FCD7CEBD-7768-4F61-B007-F2272EAE253F}.Debug|Any CPU.Build.0 = Debug|Any CPU
		{FCD7CEBD-7768-4F61-B007-F2272EAE253F}.Release|Any CPU.ActiveCfg = Release|Any CPU
		{FCD7CEBD-7768-4F61-B007-F2272EAE253F}.Release|Any CPU.Build.0 = Release|Any CPU
	EndGlobalSection
	GlobalSection(SolutionProperties) = preSolution
		HideSolutionNode = FALSE
	EndGlobalSection
	GlobalSection(ExtensibilityGlobals) = postSolution
		SolutionGuid = {84842C1F-6825-4C44-8937-A665AB68DE12}
	EndGlobalSection
EndGlobal
